// !$*UTF8*$!
{
	archiveVersion = 1;
	classes = {
	};
	objectVersion = 46;
	objects = {

/* Begin PBXBuildFile section */
		6D21BD2F1F27F01900BA53BE /* userRequestsTableViewController.swift in Sources */ = {isa = PBXBuildFile; fileRef = 6D21BD2E1F27F01900BA53BE /* userRequestsTableViewController.swift */; };
		6D227AB71F268D3800ECDDFE /* requestTableViewCell.swift in Sources */ = {isa = PBXBuildFile; fileRef = 6D227AB61F268D3800ECDDFE /* requestTableViewCell.swift */; };
		6D3652241F1964D400C00388 /* User.swift in Sources */ = {isa = PBXBuildFile; fileRef = 6D3652231F1964D400C00388 /* User.swift */; };
		6D3652291F1D2B3400C00388 /* Games.storyboard in Resources */ = {isa = PBXBuildFile; fileRef = 6D3652271F1D2B3300C00388 /* Games.storyboard */; };
		6D36522D1F1D3CAD00C00388 /* gamesTableViewController.swift in Sources */ = {isa = PBXBuildFile; fileRef = 6D36522C1F1D3CAD00C00388 /* gamesTableViewController.swift */; };
		6D3FE9E91F1EB76700FB22FD /* allTicketsTableViewController.swift in Sources */ = {isa = PBXBuildFile; fileRef = 6D3FE9E81F1EB76700FB22FD /* allTicketsTableViewController.swift */; };
		6D3FE9EB1F1FC7C800FB22FD /* Request.swift in Sources */ = {isa = PBXBuildFile; fileRef = 6D3FE9EA1F1FC7C800FB22FD /* Request.swift */; };
		6D3FE9ED1F20175000FB22FD /* addTicketViewController.swift in Sources */ = {isa = PBXBuildFile; fileRef = 6D3FE9EC1F20175000FB22FD /* addTicketViewController.swift */; };
		6DCC6EB71F17F8C300493BC1 /* AppDelegate.swift in Sources */ = {isa = PBXBuildFile; fileRef = 6DCC6EB61F17F8C300493BC1 /* AppDelegate.swift */; };
		6DCC6EBC1F17F8C300493BC1 /* Main.storyboard in Resources */ = {isa = PBXBuildFile; fileRef = 6DCC6EBA1F17F8C300493BC1 /* Main.storyboard */; };
		6DCC6EBE1F17F8C300493BC1 /* Assets.xcassets in Resources */ = {isa = PBXBuildFile; fileRef = 6DCC6EBD1F17F8C300493BC1 /* Assets.xcassets */; };
		6DCC6EC11F17F8C300493BC1 /* LaunchScreen.storyboard in Resources */ = {isa = PBXBuildFile; fileRef = 6DCC6EBF1F17F8C300493BC1 /* LaunchScreen.storyboard */; };
		6DCC6ECA1F17FA8F00493BC1 /* GoogleService-Info.plist in Resources */ = {isa = PBXBuildFile; fileRef = 6DCC6EC91F17FA8F00493BC1 /* GoogleService-Info.plist */; };
		6DCC6ECE1F1820B200493BC1 /* verificationCodeViewController.swift in Sources */ = {isa = PBXBuildFile; fileRef = 6DCC6ECD1F1820B200493BC1 /* verificationCodeViewController.swift */; };
		6DCC6ED01F18219C00493BC1 /* enterPhoneNumberViewController.swift in Sources */ = {isa = PBXBuildFile; fileRef = 6DCC6ECF1F18219C00493BC1 /* enterPhoneNumberViewController.swift */; };
		6DF2A6811F33E7D6005889CE /* splashScreenController.swift in Sources */ = {isa = PBXBuildFile; fileRef = 6DF2A6801F33E7D6005889CE /* splashScreenController.swift */; };
		AEA46E643C7B16C631ED4B4C /* Pods_SCTicket.framework in Frameworks */ = {isa = PBXBuildFile; fileRef = B752B3A3B452DEFA339D6E99 /* Pods_SCTicket.framework */; };
/* End PBXBuildFile section */

/* Begin PBXFileReference section */
		12F4F282436B91C02E0F688E /* Pods-SCTicket.release.xcconfig */ = {isa = PBXFileReference; includeInIndex = 1; lastKnownFileType = text.xcconfig; name = "Pods-SCTicket.release.xcconfig"; path = "Pods/Target Support Files/Pods-SCTicket/Pods-SCTicket.release.xcconfig"; sourceTree = "<group>"; };
		6D21BD2E1F27F01900BA53BE /* userRequestsTableViewController.swift */ = {isa = PBXFileReference; fileEncoding = 4; lastKnownFileType = sourcecode.swift; path = userRequestsTableViewController.swift; sourceTree = "<group>"; };
		6D227AB61F268D3800ECDDFE /* requestTableViewCell.swift */ = {isa = PBXFileReference; fileEncoding = 4; lastKnownFileType = sourcecode.swift; path = requestTableViewCell.swift; sourceTree = "<group>"; };
		6D3652231F1964D400C00388 /* User.swift */ = {isa = PBXFileReference; fileEncoding = 4; lastKnownFileType = sourcecode.swift; path = User.swift; sourceTree = "<group>"; };
		6D3652281F1D2B3300C00388 /* Base */ = {isa = PBXFileReference; lastKnownFileType = file.storyboard; name = Base; path = Base.lproj/Games.storyboard; sourceTree = "<group>"; };
		6D36522C1F1D3CAD00C00388 /* gamesTableViewController.swift */ = {isa = PBXFileReference; fileEncoding = 4; lastKnownFileType = sourcecode.swift; path = gamesTableViewController.swift; sourceTree = "<group>"; };
		6D3FE9E81F1EB76700FB22FD /* allTicketsTableViewController.swift */ = {isa = PBXFileReference; fileEncoding = 4; lastKnownFileType = sourcecode.swift; path = allTicketsTableViewController.swift; sourceTree = "<group>"; };
		6D3FE9EA1F1FC7C800FB22FD /* Request.swift */ = {isa = PBXFileReference; fileEncoding = 4; lastKnownFileType = sourcecode.swift; path = Request.swift; sourceTree = "<group>"; };
		6D3FE9EC1F20175000FB22FD /* addTicketViewController.swift */ = {isa = PBXFileReference; fileEncoding = 4; lastKnownFileType = sourcecode.swift; path = addTicketViewController.swift; sourceTree = "<group>"; };
		6DCC6EB31F17F8C300493BC1 /* SCTicket.app */ = {isa = PBXFileReference; explicitFileType = wrapper.application; includeInIndex = 0; path = SCTicket.app; sourceTree = BUILT_PRODUCTS_DIR; };
		6DCC6EB61F17F8C300493BC1 /* AppDelegate.swift */ = {isa = PBXFileReference; lastKnownFileType = sourcecode.swift; path = AppDelegate.swift; sourceTree = "<group>"; };
		6DCC6EBB1F17F8C300493BC1 /* Base */ = {isa = PBXFileReference; lastKnownFileType = file.storyboard; name = Base; path = Base.lproj/Main.storyboard; sourceTree = "<group>"; };
		6DCC6EBD1F17F8C300493BC1 /* Assets.xcassets */ = {isa = PBXFileReference; lastKnownFileType = folder.assetcatalog; path = Assets.xcassets; sourceTree = "<group>"; };
		6DCC6EC01F17F8C300493BC1 /* Base */ = {isa = PBXFileReference; lastKnownFileType = file.storyboard; name = Base; path = Base.lproj/LaunchScreen.storyboard; sourceTree = "<group>"; };
		6DCC6EC21F17F8C300493BC1 /* Info.plist */ = {isa = PBXFileReference; lastKnownFileType = text.plist.xml; path = Info.plist; sourceTree = "<group>"; };
		6DCC6EC81F17F99600493BC1 /* SCTicket.entitlements */ = {isa = PBXFileReference; lastKnownFileType = text.plist.entitlements; path = SCTicket.entitlements; sourceTree = "<group>"; };
		6DCC6EC91F17FA8F00493BC1 /* GoogleService-Info.plist */ = {isa = PBXFileReference; fileEncoding = 4; lastKnownFileType = text.plist.xml; path = "GoogleService-Info.plist"; sourceTree = "<group>"; };
		6DCC6ECD1F1820B200493BC1 /* verificationCodeViewController.swift */ = {isa = PBXFileReference; fileEncoding = 4; lastKnownFileType = sourcecode.swift; path = verificationCodeViewController.swift; sourceTree = "<group>"; };
		6DCC6ECF1F18219C00493BC1 /* enterPhoneNumberViewController.swift */ = {isa = PBXFileReference; fileEncoding = 4; lastKnownFileType = sourcecode.swift; path = enterPhoneNumberViewController.swift; sourceTree = "<group>"; };
		6DF2A6801F33E7D6005889CE /* splashScreenController.swift */ = {isa = PBXFileReference; fileEncoding = 4; lastKnownFileType = sourcecode.swift; path = splashScreenController.swift; sourceTree = "<group>"; };
		B752B3A3B452DEFA339D6E99 /* Pods_SCTicket.framework */ = {isa = PBXFileReference; explicitFileType = wrapper.framework; includeInIndex = 0; path = Pods_SCTicket.framework; sourceTree = BUILT_PRODUCTS_DIR; };
		CF0E1B0C62943071EA9684F5 /* Pods-SCTicket.debug.xcconfig */ = {isa = PBXFileReference; includeInIndex = 1; lastKnownFileType = text.xcconfig; name = "Pods-SCTicket.debug.xcconfig"; path = "Pods/Target Support Files/Pods-SCTicket/Pods-SCTicket.debug.xcconfig"; sourceTree = "<group>"; };
/* End PBXFileReference section */

/* Begin PBXFrameworksBuildPhase section */
		6DCC6EB01F17F8C300493BC1 /* Frameworks */ = {
			isa = PBXFrameworksBuildPhase;
			buildActionMask = 2147483647;
			files = (
				AEA46E643C7B16C631ED4B4C /* Pods_SCTicket.framework in Frameworks */,
			);
			runOnlyForDeploymentPostprocessing = 0;
		};
/* End PBXFrameworksBuildPhase section */

/* Begin PBXGroup section */
		6D36522A1F1D2B8100C00388 /* Storyboards */ = {
			isa = PBXGroup;
			children = (
				6DCC6EBA1F17F8C300493BC1 /* Main.storyboard */,
				6D3652271F1D2B3300C00388 /* Games.storyboard */,
			);
			name = Storyboards;
			sourceTree = "<group>";
		};
		6D36522B1F1D2B9B00C00388 /* Controllers */ = {
			isa = PBXGroup;
			children = (
				6DF2A6801F33E7D6005889CE /* splashScreenController.swift */,
				6DCC6ECF1F18219C00493BC1 /* enterPhoneNumberViewController.swift */,
				6DCC6ECD1F1820B200493BC1 /* verificationCodeViewController.swift */,
				6D36522C1F1D3CAD00C00388 /* gamesTableViewController.swift */,
				6D3FE9E81F1EB76700FB22FD /* allTicketsTableViewController.swift */,
				6D3FE9EC1F20175000FB22FD /* addTicketViewController.swift */,
				6D227AB61F268D3800ECDDFE /* requestTableViewCell.swift */,
				6D21BD2E1F27F01900BA53BE /* userRequestsTableViewController.swift */,
			);
			name = Controllers;
			sourceTree = "<group>";
		};
		6DCC6EAA1F17F8C300493BC1 = {
			isa = PBXGroup;
			children = (
				6DCC6EB51F17F8C300493BC1 /* SCTicket */,
				6DCC6EB41F17F8C300493BC1 /* Products */,
				EC059239AFAA306E85D677DC /* Pods */,
				8A4A0B855B585A24437B3022 /* Frameworks */,
			);
			sourceTree = "<group>";
		};
		6DCC6EB41F17F8C300493BC1 /* Products */ = {
			isa = PBXGroup;
			children = (
				6DCC6EB31F17F8C300493BC1 /* SCTicket.app */,
			);
			name = Products;
			sourceTree = "<group>";
		};
		6DCC6EB51F17F8C300493BC1 /* SCTicket */ = {
			isa = PBXGroup;
			children = (
				6DCC6EC81F17F99600493BC1 /* SCTicket.entitlements */,
				6DCC6EB61F17F8C300493BC1 /* AppDelegate.swift */,
				6D36522A1F1D2B8100C00388 /* Storyboards */,
				6D36522B1F1D2B9B00C00388 /* Controllers */,
				6DCC6EBD1F17F8C300493BC1 /* Assets.xcassets */,
				6DCC6EBF1F17F8C300493BC1 /* LaunchScreen.storyboard */,
				6DCC6EC21F17F8C300493BC1 /* Info.plist */,
				6DCC6EC91F17FA8F00493BC1 /* GoogleService-Info.plist */,
				6D3652231F1964D400C00388 /* User.swift */,
				6D3FE9EA1F1FC7C800FB22FD /* Request.swift */,
			);
			path = SCTicket;
			sourceTree = "<group>";
		};
		8A4A0B855B585A24437B3022 /* Frameworks */ = {
			isa = PBXGroup;
			children = (
				B752B3A3B452DEFA339D6E99 /* Pods_SCTicket.framework */,
			);
			name = Frameworks;
			sourceTree = "<group>";
		};
		EC059239AFAA306E85D677DC /* Pods */ = {
			isa = PBXGroup;
			children = (
				CF0E1B0C62943071EA9684F5 /* Pods-SCTicket.debug.xcconfig */,
				12F4F282436B91C02E0F688E /* Pods-SCTicket.release.xcconfig */,
			);
			name = Pods;
			sourceTree = "<group>";
		};
/* End PBXGroup section */

/* Begin PBXNativeTarget section */
		6DCC6EB21F17F8C300493BC1 /* SCTicket */ = {
			isa = PBXNativeTarget;
			buildConfigurationList = 6DCC6EC51F17F8C300493BC1 /* Build configuration list for PBXNativeTarget "SCTicket" */;
			buildPhases = (
				E6A64782467D1445F48054CE /* [CP] Check Pods Manifest.lock */,
				6DCC6EAF1F17F8C300493BC1 /* Sources */,
				6DCC6EB01F17F8C300493BC1 /* Frameworks */,
				6DCC6EB11F17F8C300493BC1 /* Resources */,
				850B402FE1B331C1D9739D52 /* [CP] Embed Pods Frameworks */,
				9695E6A88E0D7DE81AE5794F /* [CP] Copy Pods Resources */,
			);
			buildRules = (
			);
			dependencies = (
			);
			name = SCTicket;
			productName = SCTicket;
			productReference = 6DCC6EB31F17F8C300493BC1 /* SCTicket.app */;
			productType = "com.apple.product-type.application";
		};
/* End PBXNativeTarget section */

/* Begin PBXProject section */
		6DCC6EAB1F17F8C300493BC1 /* Project object */ = {
			isa = PBXProject;
			attributes = {
				LastSwiftUpdateCheck = 0830;
				LastUpgradeCheck = 0830;
				ORGANIZATIONNAME = "Sahil Agarwal";
				TargetAttributes = {
					6DCC6EB21F17F8C300493BC1 = {
						CreatedOnToolsVersion = 8.3.3;
						DevelopmentTeam = X2UYT949HS;
						ProvisioningStyle = Automatic;
						SystemCapabilities = {
							com.apple.BackgroundModes = {
								enabled = 1;
							};
							com.apple.Push = {
								enabled = 1;
							};
						};
					};
				};
			};
			buildConfigurationList = 6DCC6EAE1F17F8C300493BC1 /* Build configuration list for PBXProject "SCTicket" */;
			compatibilityVersion = "Xcode 3.2";
			developmentRegion = English;
			hasScannedForEncodings = 0;
			knownRegions = (
				en,
				Base,
			);
			mainGroup = 6DCC6EAA1F17F8C300493BC1;
			productRefGroup = 6DCC6EB41F17F8C300493BC1 /* Products */;
			projectDirPath = "";
			projectRoot = "";
			targets = (
				6DCC6EB21F17F8C300493BC1 /* SCTicket */,
			);
		};
/* End PBXProject section */

/* Begin PBXResourcesBuildPhase section */
		6DCC6EB11F17F8C300493BC1 /* Resources */ = {
			isa = PBXResourcesBuildPhase;
			buildActionMask = 2147483647;
			files = (
				6DCC6ECA1F17FA8F00493BC1 /* GoogleService-Info.plist in Resources */,
				6DCC6EC11F17F8C300493BC1 /* LaunchScreen.storyboard in Resources */,
				6D3652291F1D2B3400C00388 /* Games.storyboard in Resources */,
				6DCC6EBE1F17F8C300493BC1 /* Assets.xcassets in Resources */,
				6DCC6EBC1F17F8C300493BC1 /* Main.storyboard in Resources */,
			);
			runOnlyForDeploymentPostprocessing = 0;
		};
/* End PBXResourcesBuildPhase section */

/* Begin PBXShellScriptBuildPhase section */
		850B402FE1B331C1D9739D52 /* [CP] Embed Pods Frameworks */ = {
			isa = PBXShellScriptBuildPhase;
			buildActionMask = 2147483647;
			files = (
			);
			inputPaths = (
			);
			name = "[CP] Embed Pods Frameworks";
			outputPaths = (
			);
			runOnlyForDeploymentPostprocessing = 0;
			shellPath = /bin/sh;
			shellScript = "\"${SRCROOT}/Pods/Target Support Files/Pods-SCTicket/Pods-SCTicket-frameworks.sh\"\n";
			showEnvVarsInLog = 0;
		};
		9695E6A88E0D7DE81AE5794F /* [CP] Copy Pods Resources */ = {
			isa = PBXShellScriptBuildPhase;
			buildActionMask = 2147483647;
			files = (
			);
			inputPaths = (
			);
			name = "[CP] Copy Pods Resources";
			outputPaths = (
			);
			runOnlyForDeploymentPostprocessing = 0;
			shellPath = /bin/sh;
			shellScript = "\"${SRCROOT}/Pods/Target Support Files/Pods-SCTicket/Pods-SCTicket-resources.sh\"\n";
			showEnvVarsInLog = 0;
		};
		E6A64782467D1445F48054CE /* [CP] Check Pods Manifest.lock */ = {
			isa = PBXShellScriptBuildPhase;
			buildActionMask = 2147483647;
			files = (
			);
			inputPaths = (
			);
			name = "[CP] Check Pods Manifest.lock";
			outputPaths = (
			);
			runOnlyForDeploymentPostprocessing = 0;
			shellPath = /bin/sh;
			shellScript = "diff \"${PODS_PODFILE_DIR_PATH}/Podfile.lock\" \"${PODS_ROOT}/Manifest.lock\" > /dev/null\nif [ $? != 0 ] ; then\n    # print error to STDERR\n    echo \"error: The sandbox is not in sync with the Podfile.lock. Run 'pod install' or update your CocoaPods installation.\" >&2\n    exit 1\nfi\n";
			showEnvVarsInLog = 0;
		};
/* End PBXShellScriptBuildPhase section */

/* Begin PBXSourcesBuildPhase section */
		6DCC6EAF1F17F8C300493BC1 /* Sources */ = {
			isa = PBXSourcesBuildPhase;
			buildActionMask = 2147483647;
			files = (
				6D36522D1F1D3CAD00C00388 /* gamesTableViewController.swift in Sources */,
				6DCC6ECE1F1820B200493BC1 /* verificationCodeViewController.swift in Sources */,
				6DCC6EB71F17F8C300493BC1 /* AppDelegate.swift in Sources */,
				6DF2A6811F33E7D6005889CE /* splashScreenController.swift in Sources */,
				6D3652241F1964D400C00388 /* User.swift in Sources */,
				6D3FE9ED1F20175000FB22FD /* addTicketViewController.swift in Sources */,
				6DCC6ED01F18219C00493BC1 /* enterPhoneNumberViewController.swift in Sources */,
				6D21BD2F1F27F01900BA53BE /* userRequestsTableViewController.swift in Sources */,
				6D3FE9EB1F1FC7C800FB22FD /* Request.swift in Sources */,
				6D227AB71F268D3800ECDDFE /* requestTableViewCell.swift in Sources */,
				6D3FE9E91F1EB76700FB22FD /* allTicketsTableViewController.swift in Sources */,
			);
			runOnlyForDeploymentPostprocessing = 0;
		};
/* End PBXSourcesBuildPhase section */

/* Begin PBXVariantGroup section */
		6D3652271F1D2B3300C00388 /* Games.storyboard */ = {
			isa = PBXVariantGroup;
			children = (
				6D3652281F1D2B3300C00388 /* Base */,
			);
			name = Games.storyboard;
			sourceTree = "<group>";
		};
		6DCC6EBA1F17F8C300493BC1 /* Main.storyboard */ = {
			isa = PBXVariantGroup;
			children = (
				6DCC6EBB1F17F8C300493BC1 /* Base */,
			);
			name = Main.storyboard;
			sourceTree = "<group>";
		};
		6DCC6EBF1F17F8C300493BC1 /* LaunchScreen.storyboard */ = {
			isa = PBXVariantGroup;
			children = (
				6DCC6EC01F17F8C300493BC1 /* Base */,
			);
			name = LaunchScreen.storyboard;
			sourceTree = "<group>";
		};
/* End PBXVariantGroup section */

/* Begin XCBuildConfiguration section */
		6DCC6EC31F17F8C300493BC1 /* Debug */ = {
			isa = XCBuildConfiguration;
			buildSettings = {
				ALWAYS_SEARCH_USER_PATHS = NO;
				CLANG_ANALYZER_NONNULL = YES;
				CLANG_ANALYZER_NUMBER_OBJECT_CONVERSION = YES_AGGRESSIVE;
				CLANG_CXX_LANGUAGE_STANDARD = "gnu++0x";
				CLANG_CXX_LIBRARY = "libc++";
				CLANG_ENABLE_MODULES = YES;
				CLANG_ENABLE_OBJC_ARC = YES;
				CLANG_WARN_BOOL_CONVERSION = YES;
				CLANG_WARN_CONSTANT_CONVERSION = YES;
				CLANG_WARN_DIRECT_OBJC_ISA_USAGE = YES_ERROR;
				CLANG_WARN_DOCUMENTATION_COMMENTS = YES;
				CLANG_WARN_EMPTY_BODY = YES;
				CLANG_WARN_ENUM_CONVERSION = YES;
				CLANG_WARN_INFINITE_RECURSION = YES;
				CLANG_WARN_INT_CONVERSION = YES;
				CLANG_WARN_OBJC_ROOT_CLASS = YES_ERROR;
				CLANG_WARN_SUSPICIOUS_MOVE = YES;
				CLANG_WARN_UNREACHABLE_CODE = YES;
				CLANG_WARN__DUPLICATE_METHOD_MATCH = YES;
				"CODE_SIGN_IDENTITY[sdk=iphoneos*]" = "iPhone Developer";
				COPY_PHASE_STRIP = NO;
				DEBUG_INFORMATION_FORMAT = dwarf;
				ENABLE_STRICT_OBJC_MSGSEND = YES;
				ENABLE_TESTABILITY = YES;
				GCC_C_LANGUAGE_STANDARD = gnu99;
				GCC_DYNAMIC_NO_PIC = NO;
				GCC_NO_COMMON_BLOCKS = YES;
				GCC_OPTIMIZATION_LEVEL = 0;
				GCC_PREPROCESSOR_DEFINITIONS = (
					"DEBUG=1",
					"$(inherited)",
				);
				GCC_WARN_64_TO_32_BIT_CONVERSION = YES;
				GCC_WARN_ABOUT_RETURN_TYPE = YES_ERROR;
				GCC_WARN_UNDECLARED_SELECTOR = YES;
				GCC_WARN_UNINITIALIZED_AUTOS = YES_AGGRESSIVE;
				GCC_WARN_UNUSED_FUNCTION = YES;
				GCC_WARN_UNUSED_VARIABLE = YES;
				IPHONEOS_DEPLOYMENT_TARGET = 10.3;
				MTL_ENABLE_DEBUG_INFO = YES;
				ONLY_ACTIVE_ARCH = YES;
				SDKROOT = iphoneos;
				SWIFT_ACTIVE_COMPILATION_CONDITIONS = DEBUG;
				SWIFT_OPTIMIZATION_LEVEL = "-Onone";
			};
			name = Debug;
		};
		6DCC6EC41F17F8C300493BC1 /* Release */ = {
			isa = XCBuildConfiguration;
			buildSettings = {
				ALWAYS_SEARCH_USER_PATHS = NO;
				CLANG_ANALYZER_NONNULL = YES;
				CLANG_ANALYZER_NUMBER_OBJECT_CONVERSION = YES_AGGRESSIVE;
				CLANG_CXX_LANGUAGE_STANDARD = "gnu++0x";
				CLANG_CXX_LIBRARY = "libc++";
				CLANG_ENABLE_MODULES = YES;
				CLANG_ENABLE_OBJC_ARC = YES;
				CLANG_WARN_BOOL_CONVERSION = YES;
				CLANG_WARN_CONSTANT_CONVERSION = YES;
				CLANG_WARN_DIRECT_OBJC_ISA_USAGE = YES_ERROR;
				CLANG_WARN_DOCUMENTATION_COMMENTS = YES;
				CLANG_WARN_EMPTY_BODY = YES;
				CLANG_WARN_ENUM_CONVERSION = YES;
				CLANG_WARN_INFINITE_RECURSION = YES;
				CLANG_WARN_INT_CONVERSION = YES;
				CLANG_WARN_OBJC_ROOT_CLASS = YES_ERROR;
				CLANG_WARN_SUSPICIOUS_MOVE = YES;
				CLANG_WARN_UNREACHABLE_CODE = YES;
				CLANG_WARN__DUPLICATE_METHOD_MATCH = YES;
				"CODE_SIGN_IDENTITY[sdk=iphoneos*]" = "iPhone Developer";
				COPY_PHASE_STRIP = NO;
				DEBUG_INFORMATION_FORMAT = "dwarf-with-dsym";
				ENABLE_NS_ASSERTIONS = NO;
				ENABLE_STRICT_OBJC_MSGSEND = YES;
				GCC_C_LANGUAGE_STANDARD = gnu99;
				GCC_NO_COMMON_BLOCKS = YES;
				GCC_WARN_64_TO_32_BIT_CONVERSION = YES;
				GCC_WARN_ABOUT_RETURN_TYPE = YES_ERROR;
				GCC_WARN_UNDECLARED_SELECTOR = YES;
				GCC_WARN_UNINITIALIZED_AUTOS = YES_AGGRESSIVE;
				GCC_WARN_UNUSED_FUNCTION = YES;
				GCC_WARN_UNUSED_VARIABLE = YES;
				IPHONEOS_DEPLOYMENT_TARGET = 10.3;
				MTL_ENABLE_DEBUG_INFO = NO;
				SDKROOT = iphoneos;
				SWIFT_OPTIMIZATION_LEVEL = "-Owholemodule";
				VALIDATE_PRODUCT = YES;
			};
			name = Release;
		};
		6DCC6EC61F17F8C300493BC1 /* Debug */ = {
			isa = XCBuildConfiguration;
			baseConfigurationReference = CF0E1B0C62943071EA9684F5 /* Pods-SCTicket.debug.xcconfig */;
			buildSettings = {
				ASSETCATALOG_COMPILER_APPICON_NAME = AppIcon;
				CODE_SIGN_ENTITLEMENTS = SCTicket/SCTicket.entitlements;
				DEVELOPMENT_TEAM = X2UYT949HS;
				INFOPLIST_FILE = SCTicket/Info.plist;
				IPHONEOS_DEPLOYMENT_TARGET = 10.3;
				LD_RUNPATH_SEARCH_PATHS = "$(inherited) @executable_path/Frameworks";
				PRODUCT_BUNDLE_IDENTIFIER = com.SahilAgarwal.SCTicket1234593734584y5285;
				PRODUCT_NAME = "$(TARGET_NAME)";
				SWIFT_VERSION = 3.0;
			};
			name = Debug;
		};
		6DCC6EC71F17F8C300493BC1 /* Release */ = {
			isa = XCBuildConfiguration;
			baseConfigurationReference = 12F4F282436B91C02E0F688E /* Pods-SCTicket.release.xcconfig */;
			buildSettings = {
				ASSETCATALOG_COMPILER_APPICON_NAME = AppIcon;
				CODE_SIGN_ENTITLEMENTS = SCTicket/SCTicket.entitlements;
				DEVELOPMENT_TEAM = X2UYT949HS;
				INFOPLIST_FILE = SCTicket/Info.plist;
				IPHONEOS_DEPLOYMENT_TARGET = 10.3;
				LD_RUNPATH_SEARCH_PATHS = "$(inherited) @executable_path/Frameworks";
				PRODUCT_BUNDLE_IDENTIFIER = com.SahilAgarwal.SCTicket1234593734584y5285;
				PRODUCT_NAME = "$(TARGET_NAME)";
				SWIFT_VERSION = 3.0;
			};
			name = Release;
		};
/* End XCBuildConfiguration section */

/* Begin XCConfigurationList section */
		6DCC6EAE1F17F8C300493BC1 /* Build configuration list for PBXProject "SCTicket" */ = {
			isa = XCConfigurationList;
			buildConfigurations = (
				6DCC6EC31F17F8C300493BC1 /* Debug */,
				6DCC6EC41F17F8C300493BC1 /* Release */,
			);
			defaultConfigurationIsVisible = 0;
			defaultConfigurationName = Release;
		};
		6DCC6EC51F17F8C300493BC1 /* Build configuration list for PBXNativeTarget "SCTicket" */ = {
			isa = XCConfigurationList;
			buildConfigurations = (
				6DCC6EC61F17F8C300493BC1 /* Debug */,
				6DCC6EC71F17F8C300493BC1 /* Release */,
			);
			defaultConfigurationIsVisible = 0;
			defaultConfigurationName = Release;
		};
/* End XCConfigurationList section */
	};
	rootObject = 6DCC6EAB1F17F8C300493BC1 /* Project object */;
}
